// !$*UTF8*$!
{
	archiveVersion = 1;
	classes = {
	};
	objectVersion = 46;
	objects = {

/* Begin PBXBuildFile section */
		7C001F961F2F2B690083DEB7 /* main.m in Sources */ = {isa = PBXBuildFile; fileRef = 7C001F951F2F2B690083DEB7 /* main.m */; };
		7CABE36220062F0E00746FD0 /* JSGCDController.m in Sources */ = {isa = PBXBuildFile; fileRef = 7CABE36120062F0E00746FD0 /* JSGCDController.m */; };
		7CABE3652006309E00746FD0 /* JSOperationController.m in Sources */ = {isa = PBXBuildFile; fileRef = 7CABE3642006309E00746FD0 /* JSOperationController.m */; };
/* End PBXBuildFile section */

/* Begin PBXCopyFilesBuildPhase section */
		7C001F901F2F2B690083DEB7 /* CopyFiles */ = {
			isa = PBXCopyFilesBuildPhase;
			buildActionMask = 2147483647;
			dstPath = /usr/share/man/man1/;
			dstSubfolderSpec = 0;
			files = (
			);
			runOnlyForDeploymentPostprocessing = 1;
		};
/* End PBXCopyFilesBuildPhase section */

/* Begin PBXFileReference section */
		7C001F921F2F2B690083DEB7 /* Multithread */ = {isa = PBXFileReference; explicitFileType = "compiled.mach-o.executable"; includeInIndex = 0; path = Multithread; sourceTree = BUILT_PRODUCTS_DIR; };
		7C001F951F2F2B690083DEB7 /* main.m */ = {isa = PBXFileReference; lastKnownFileType = sourcecode.c.objc; path = main.m; sourceTree = "<group>"; };
		7CABE36020062F0E00746FD0 /* JSGCDController.h */ = {isa = PBXFileReference; lastKnownFileType = sourcecode.c.h; path = JSGCDController.h; sourceTree = "<group>"; };
		7CABE36120062F0E00746FD0 /* JSGCDController.m */ = {isa = PBXFileReference; lastKnownFileType = sourcecode.c.objc; path = JSGCDController.m; sourceTree = "<group>"; };
		7CABE3632006309D00746FD0 /* JSOperationController.h */ = {isa = PBXFileReference; lastKnownFileType = sourcecode.c.h; path = JSOperationController.h; sourceTree = "<group>"; };
		7CABE3642006309E00746FD0 /* JSOperationController.m */ = {isa = PBXFileReference; lastKnownFileType = sourcecode.c.objc; path = JSOperationController.m; sourceTree = "<group>"; };
/* End PBXFileReference section */

/* Begin PBXFrameworksBuildPhase section */
		7C001F8F1F2F2B690083DEB7 /* Frameworks */ = {
			isa = PBXFrameworksBuildPhase;
			buildActionMask = 2147483647;
			files = (
			);
			runOnlyForDeploymentPostprocessing = 0;
		};
/* End PBXFrameworksBuildPhase section */

/* Begin PBXGroup section */
		7C001F891F2F2B690083DEB7 = {
			isa = PBXGroup;
			children = (
				7C001F941F2F2B690083DEB7 /* Multithread */,
				7C001F931F2F2B690083DEB7 /* Products */,
			);
			sourceTree = "<group>";
		};
		7C001F931F2F2B690083DEB7 /* Products */ = {
			isa = PBXGroup;
			children = (
				7C001F921F2F2B690083DEB7 /* Multithread */,
			);
			name = Products;
			sourceTree = "<group>";
		};
		7C001F941F2F2B690083DEB7 /* Multithread */ = {
			isa = PBXGroup;
			children = (
				7C001F951F2F2B690083DEB7 /* main.m */,
				7CABE36020062F0E00746FD0 /* JSGCDController.h */,
				7CABE36120062F0E00746FD0 /* JSGCDController.m */,
				7CABE3632006309D00746FD0 /* JSOperationController.h */,
				7CABE3642006309E00746FD0 /* JSOperationController.m */,
			);
			path = Multithread;
			sourceTree = "<group>";
		};
/* End PBXGroup section */

/* Begin PBXNativeTarget section */
		7C001F911F2F2B690083DEB7 /* Multithread */ = {
			isa = PBXNativeTarget;
			buildConfigurationList = 7C001F991F2F2B690083DEB7 /* Build configuration list for PBXNativeTarget "Multithread" */;
			buildPhases = (
				7C001F8E1F2F2B690083DEB7 /* Sources */,
				7C001F8F1F2F2B690083DEB7 /* Frameworks */,
				7C001F901F2F2B690083DEB7 /* CopyFiles */,
			);
			buildRules = (
			);
			dependencies = (
			);
			name = Multithread;
			productName = Multithread;
			productReference = 7C001F921F2F2B690083DEB7 /* Multithread */;
			productType = "com.apple.product-type.tool";
		};
/* End PBXNativeTarget section */

/* Begin PBXProject section */
		7C001F8A1F2F2B690083DEB7 /* Project object */ = {
			isa = PBXProject;
			attributes = {
				LastUpgradeCheck = 0820;
				ORGANIZATIONNAME = zhongjiasheng;
				TargetAttributes = {
					7C001F911F2F2B690083DEB7 = {
						CreatedOnToolsVersion = 8.2.1;
						ProvisioningStyle = Automatic;
					};
				};
			};
			buildConfigurationList = 7C001F8D1F2F2B690083DEB7 /* Build configuration list for PBXProject "Multithread" */;
			compatibilityVersion = "Xcode 3.2";
			developmentRegion = English;
			hasScannedForEncodings = 0;
			knownRegions = (
				en,
			);
			mainGroup = 7C001F891F2F2B690083DEB7;
			productRefGroup = 7C001F931F2F2B690083DEB7 /* Products */;
			projectDirPath = "";
			projectRoot = "";
			targets = (
				7C001F911F2F2B690083DEB7 /* Multithread */,
			);
		};
/* End PBXProject section */

/* Begin PBXSourcesBuildPhase section */
		7C001F8E1F2F2B690083DEB7 /* Sources */ = {
			isa = PBXSourcesBuildPhase;
			buildActionMask = 2147483647;
			files = (
				7CABE3652006309E00746FD0 /* JSOperationController.m in Sources */,
				7C001F961F2F2B690083DEB7 /* main.m in Sources */,
				7CABE36220062F0E00746FD0 /* JSGCDController.m in Sources */,
			);
			runOnlyForDeploymentPostprocessing = 0;
		};
/* End PBXSourcesBuildPhase section */

/* Begin XCBuildConfiguration section */
		7C001F971F2F2B690083DEB7 /* Debug */ = {
			isa = XCBuildConfiguration;
			buildSettings = {
				ALWAYS_SEARCH_USER_PATHS = NO;
				CLANG_ANALYZER_NONNULL = YES;
				CLANG_CXX_LANGUAGE_STANDARD = "gnu++0x";
				CLANG_CXX_LIBRARY = "libc++";
				CLANG_ENABLE_MODULES = YES;
				CLANG_ENABLE_OBJC_ARC = YES;
				CLANG_WARN_BOOL_CONVERSION = YES;
				CLANG_WARN_CONSTANT_CONVERSION = YES;
				CLANG_WARN_DIRECT_OBJC_ISA_USAGE = YES_ERROR;
				CLANG_WARN_DOCUMENTATION_COMMENTS = YES;
				CLANG_WARN_EMPTY_BODY = YES;
				CLANG_WARN_ENUM_CONVERSION = YES;
				CLANG_WARN_INFINITE_RECURSION = YES;
				CLANG_WARN_INT_CONVERSION = YES;
				CLANG_WARN_OBJC_ROOT_CLASS = YES_ERROR;
				CLANG_WARN_SUSPICIOUS_MOVE = YES;
				CLANG_WARN_UNREACHABLE_CODE = YES;
				CLANG_WARN__DUPLICATE_METHOD_MATCH = YES;
				CODE_SIGN_IDENTITY = "-";
				COPY_PHASE_STRIP = NO;
				DEBUG_INFORMATION_FORMAT = dwarf;
				ENABLE_STRICT_OBJC_MSGSEND = YES;
				ENABLE_TESTABILITY = YES;
				GCC_C_LANGUAGE_STANDARD = gnu99;
				GCC_DYNAMIC_NO_PIC = NO;
				GCC_NO_COMMON_BLOCKS = YES;
				GCC_OPTIMIZATION_LEVEL = 0;
				GCC_PREPROCESSOR_DEFINITIONS = (
					"DEBUG=1",
					"$(inherited)",
				);
				GCC_WARN_64_TO_32_BIT_CONVERSION = YES;
				GCC_WARN_ABOUT_RETURN_TYPE = YES_ERROR;
				GCC_WARN_UNDECLARED_SELECTOR = YES;
				GCC_WARN_UNINITIALIZED_AUTOS = YES_AGGRESSIVE;
				GCC_WARN_UNUSED_FUNCTION = YES;
				GCC_WARN_UNUSED_VARIABLE = YES;
				MACOSX_DEPLOYMENT_TARGET = 10.11;
				MTL_ENABLE_DEBUG_INFO = YES;
				ONLY_ACTIVE_ARCH = YES;
				SDKROOT = macosx;
			};
			name = Debug;
		};
		7C001F981F2F2B690083DEB7 /* Release */ = {
			isa = XCBuildConfiguration;
			buildSettings = {
				ALWAYS_SEARCH_USER_PATHS = NO;
				CLANG_ANALYZER_NONNULL = YES;
				CLANG_CXX_LANGUAGE_STANDARD = "gnu++0x";
				CLANG_CXX_LIBRARY = "libc++";
				CLANG_ENABLE_MODULES = YES;
				CLANG_ENABLE_OBJC_ARC = YES;
				CLANG_WARN_BOOL_CONVERSION = YES;
				CLANG_WARN_CONSTANT_CONVERSION = YES;
				CLANG_WARN_DIRECT_OBJC_ISA_USAGE = YES_ERROR;
				CLANG_WARN_DOCUMENTATION_COMMENTS = YES;
				CLANG_WARN_EMPTY_BODY = YES;
				CLANG_WARN_ENUM_CONVERSION = YES;
				CLANG_WARN_INFINITE_RECURSION = YES;
				CLANG_WARN_INT_CONVERSION = YES;
				CLANG_WARN_OBJC_ROOT_CLASS = YES_ERROR;
				CLANG_WARN_SUSPICIOUS_MOVE = YES;
				CLANG_WARN_UNREACHABLE_CODE = YES;
				CLANG_WARN__DUPLICATE_METHOD_MATCH = YES;
				CODE_SIGN_IDENTITY = "-";
				COPY_PHASE_STRIP = NO;
				DEBUG_INFORMATION_FORMAT = "dwarf-with-dsym";
				ENABLE_NS_ASSERTIONS = NO;
				ENABLE_STRICT_OBJC_MSGSEND = YES;
				GCC_C_LANGUAGE_STANDARD = gnu99;
				GCC_NO_COMMON_BLOCKS = YES;
				GCC_WARN_64_TO_32_BIT_CONVERSION = YES;
				GCC_WARN_ABOUT_RETURN_TYPE = YES_ERROR;
				GCC_WARN_UNDECLARED_SELECTOR = YES;
				GCC_WARN_UNINITIALIZED_AUTOS = YES_AGGRESSIVE;
				GCC_WARN_UNUSED_FUNCTION = YES;
				GCC_WARN_UNUSED_VARIABLE = YES;
				MACOSX_DEPLOYMENT_TARGET = 10.11;
				MTL_ENABLE_DEBUG_INFO = NO;
				SDKROOT = macosx;
			};
			name = Release;
		};
		7C001F9A1F2F2B690083DEB7 /* Debug */ = {
			isa = XCBuildConfiguration;
			buildSettings = {
				PRODUCT_NAME = "$(TARGET_NAME)";
			};
			name = Debug;
		};
		7C001F9B1F2F2B690083DEB7 /* Release */ = {
			isa = XCBuildConfiguration;
			buildSettings = {
				PRODUCT_NAME = "$(TARGET_NAME)";
			};
			name = Release;
		};
/* End XCBuildConfiguration section */

/* Begin XCConfigurationList section */
		7C001F8D1F2F2B690083DEB7 /* Build configuration list for PBXProject "Multithread" */ = {
			isa = XCConfigurationList;
			buildConfigurations = (
				7C001F971F2F2B690083DEB7 /* Debug */,
				7C001F981F2F2B690083DEB7 /* Release */,
			);
			defaultConfigurationIsVisible = 0;
			defaultConfigurationName = Release;
		};
		7C001F991F2F2B690083DEB7 /* Build configuration list for PBXNativeTarget "Multithread" */ = {
			isa = XCConfigurationList;
			buildConfigurations = (
				7C001F9A1F2F2B690083DEB7 /* Debug */,
				7C001F9B1F2F2B690083DEB7 /* Release */,
			);
			defaultConfigurationIsVisible = 0;
			defaultConfigurationName = Release;
		};
/* End XCConfigurationList section */
	};
	rootObject = 7C001F8A1F2F2B690083DEB7 /* Project object */;
}
