// !$*UTF8*$!
{
	archiveVersion = 1;
	classes = {
	};
	objectVersion = 48;
	objects = {

/* Begin PBXBuildFile section */
		7C40839D200713DB00F56316 /* AppDelegate.m in Sources */ = {isa = PBXBuildFile; fileRef = 7C40839C200713DB00F56316 /* AppDelegate.m */; };
		7C4083A0200713DB00F56316 /* BasicAnimationController.m in Sources */ = {isa = PBXBuildFile; fileRef = 7C40839F200713DB00F56316 /* BasicAnimationController.m */; };
		7C4083A3200713DB00F56316 /* Main.storyboard in Resources */ = {isa = PBXBuildFile; fileRef = 7C4083A1200713DB00F56316 /* Main.storyboard */; };
		7C4083A5200713DB00F56316 /* Assets.xcassets in Resources */ = {isa = PBXBuildFile; fileRef = 7C4083A4200713DB00F56316 /* Assets.xcassets */; };
		7C4083A8200713DB00F56316 /* LaunchScreen.storyboard in Resources */ = {isa = PBXBuildFile; fileRef = 7C4083A6200713DB00F56316 /* LaunchScreen.storyboard */; };
		7C4083AB200713DB00F56316 /* main.m in Sources */ = {isa = PBXBuildFile; fileRef = 7C4083AA200713DB00F56316 /* main.m */; };
		7C4083B92007384B00F56316 /* CoreAnimationController.m in Sources */ = {isa = PBXBuildFile; fileRef = 7C4083B82007384B00F56316 /* CoreAnimationController.m */; };
		7C4FAEB2213E28C1003C7AF8 /* SVViewController.m in Sources */ = {isa = PBXBuildFile; fileRef = 7C4FAEB1213E28C0003C7AF8 /* SVViewController.m */; };
		97308B0CBD44DF0BF1CE8739 /* libPods-zjs_animation.a in Frameworks */ = {isa = PBXBuildFile; fileRef = 6DB8228322972C093ACDC504 /* libPods-zjs_animation.a */; };
/* End PBXBuildFile section */

/* Begin PBXFileReference section */
		4E3D594CA1AEFE5F4CCA27AF /* Pods-zjs_animation.debug.xcconfig */ = {isa = PBXFileReference; includeInIndex = 1; lastKnownFileType = text.xcconfig; name = "Pods-zjs_animation.debug.xcconfig"; path = "Pods/Target Support Files/Pods-zjs_animation/Pods-zjs_animation.debug.xcconfig"; sourceTree = "<group>"; };
		6DB8228322972C093ACDC504 /* libPods-zjs_animation.a */ = {isa = PBXFileReference; explicitFileType = archive.ar; includeInIndex = 0; path = "libPods-zjs_animation.a"; sourceTree = BUILT_PRODUCTS_DIR; };
		7C408398200713DB00F56316 /* zjs_animation.app */ = {isa = PBXFileReference; explicitFileType = wrapper.application; includeInIndex = 0; path = zjs_animation.app; sourceTree = BUILT_PRODUCTS_DIR; };
		7C40839B200713DB00F56316 /* AppDelegate.h */ = {isa = PBXFileReference; lastKnownFileType = sourcecode.c.h; path = AppDelegate.h; sourceTree = "<group>"; };
		7C40839C200713DB00F56316 /* AppDelegate.m */ = {isa = PBXFileReference; lastKnownFileType = sourcecode.c.objc; path = AppDelegate.m; sourceTree = "<group>"; };
		7C40839E200713DB00F56316 /* BasicAnimationController.h */ = {isa = PBXFileReference; lastKnownFileType = sourcecode.c.h; path = BasicAnimationController.h; sourceTree = "<group>"; };
		7C40839F200713DB00F56316 /* BasicAnimationController.m */ = {isa = PBXFileReference; lastKnownFileType = sourcecode.c.objc; path = BasicAnimationController.m; sourceTree = "<group>"; };
		7C4083A2200713DB00F56316 /* Base */ = {isa = PBXFileReference; lastKnownFileType = file.storyboard; name = Base; path = Base.lproj/Main.storyboard; sourceTree = "<group>"; };
		7C4083A4200713DB00F56316 /* Assets.xcassets */ = {isa = PBXFileReference; lastKnownFileType = folder.assetcatalog; path = Assets.xcassets; sourceTree = "<group>"; };
		7C4083A7200713DB00F56316 /* Base */ = {isa = PBXFileReference; lastKnownFileType = file.storyboard; name = Base; path = Base.lproj/LaunchScreen.storyboard; sourceTree = "<group>"; };
		7C4083A9200713DB00F56316 /* Info.plist */ = {isa = PBXFileReference; lastKnownFileType = text.plist.xml; path = Info.plist; sourceTree = "<group>"; };
		7C4083AA200713DB00F56316 /* main.m */ = {isa = PBXFileReference; lastKnownFileType = sourcecode.c.objc; path = main.m; sourceTree = "<group>"; };
		7C4083B72007384B00F56316 /* CoreAnimationController.h */ = {isa = PBXFileReference; lastKnownFileType = sourcecode.c.h; path = CoreAnimationController.h; sourceTree = "<group>"; };
		7C4083B82007384B00F56316 /* CoreAnimationController.m */ = {isa = PBXFileReference; lastKnownFileType = sourcecode.c.objc; path = CoreAnimationController.m; sourceTree = "<group>"; };
		7C4FAEB0213E28C0003C7AF8 /* SVViewController.h */ = {isa = PBXFileReference; lastKnownFileType = sourcecode.c.h; path = SVViewController.h; sourceTree = "<group>"; };
		7C4FAEB1213E28C0003C7AF8 /* SVViewController.m */ = {isa = PBXFileReference; lastKnownFileType = sourcecode.c.objc; path = SVViewController.m; sourceTree = "<group>"; };
		CED21AB62D13DAA0C69A401D /* Pods-zjs_animation.release.xcconfig */ = {isa = PBXFileReference; includeInIndex = 1; lastKnownFileType = text.xcconfig; name = "Pods-zjs_animation.release.xcconfig"; path = "Pods/Target Support Files/Pods-zjs_animation/Pods-zjs_animation.release.xcconfig"; sourceTree = "<group>"; };
/* End PBXFileReference section */

/* Begin PBXFrameworksBuildPhase section */
		7C408395200713DB00F56316 /* Frameworks */ = {
			isa = PBXFrameworksBuildPhase;
			buildActionMask = 2147483647;
			files = (
				97308B0CBD44DF0BF1CE8739 /* libPods-zjs_animation.a in Frameworks */,
			);
			runOnlyForDeploymentPostprocessing = 0;
		};
/* End PBXFrameworksBuildPhase section */

/* Begin PBXGroup section */
		7C40838F200713DB00F56316 = {
			isa = PBXGroup;
			children = (
				7C40839A200713DB00F56316 /* animation */,
				7C408399200713DB00F56316 /* Products */,
				A1BFC40D0E235A3E8A5CF604 /* Pods */,
				D332DF22AEF6FB8819292F80 /* Frameworks */,
			);
			sourceTree = "<group>";
		};
		7C408399200713DB00F56316 /* Products */ = {
			isa = PBXGroup;
			children = (
				7C408398200713DB00F56316 /* zjs_animation.app */,
			);
			name = Products;
			sourceTree = "<group>";
		};
		7C40839A200713DB00F56316 /* animation */ = {
			isa = PBXGroup;
			children = (
				7C40839B200713DB00F56316 /* AppDelegate.h */,
				7C40839C200713DB00F56316 /* AppDelegate.m */,
				7C4FAEB0213E28C0003C7AF8 /* SVViewController.h */,
				7C4FAEB1213E28C0003C7AF8 /* SVViewController.m */,
				7C40839E200713DB00F56316 /* BasicAnimationController.h */,
				7C40839F200713DB00F56316 /* BasicAnimationController.m */,
				7C4083B72007384B00F56316 /* CoreAnimationController.h */,
				7C4083B82007384B00F56316 /* CoreAnimationController.m */,
				7C4083A1200713DB00F56316 /* Main.storyboard */,
				7C4083A4200713DB00F56316 /* Assets.xcassets */,
				7C4083A6200713DB00F56316 /* LaunchScreen.storyboard */,
				7C4083A9200713DB00F56316 /* Info.plist */,
				7C4083AA200713DB00F56316 /* main.m */,
			);
			path = animation;
			sourceTree = "<group>";
		};
		A1BFC40D0E235A3E8A5CF604 /* Pods */ = {
			isa = PBXGroup;
			children = (
				4E3D594CA1AEFE5F4CCA27AF /* Pods-zjs_animation.debug.xcconfig */,
				CED21AB62D13DAA0C69A401D /* Pods-zjs_animation.release.xcconfig */,
			);
			name = Pods;
			sourceTree = "<group>";
		};
		D332DF22AEF6FB8819292F80 /* Frameworks */ = {
			isa = PBXGroup;
			children = (
				6DB8228322972C093ACDC504 /* libPods-zjs_animation.a */,
			);
			name = Frameworks;
			sourceTree = "<group>";
		};
/* End PBXGroup section */

/* Begin PBXNativeTarget section */
		7C408397200713DB00F56316 /* zjs_animation */ = {
			isa = PBXNativeTarget;
			buildConfigurationList = 7C4083AE200713DB00F56316 /* Build configuration list for PBXNativeTarget "zjs_animation" */;
			buildPhases = (
				F0406C9EF02BEA44C73A4C0E /* [CP] Check Pods Manifest.lock */,
				7C408394200713DB00F56316 /* Sources */,
				7C408395200713DB00F56316 /* Frameworks */,
				7C408396200713DB00F56316 /* Resources */,
				186A7A09541496D6A71874CE /* [CP] Embed Pods Frameworks */,
				E650F2621668D410725DD260 /* [CP] Copy Pods Resources */,
			);
			buildRules = (
			);
			dependencies = (
			);
			name = zjs_animation;
			productName = animation;
			productReference = 7C408398200713DB00F56316 /* zjs_animation.app */;
			productType = "com.apple.product-type.application";
		};
/* End PBXNativeTarget section */

/* Begin PBXProject section */
		7C408390200713DB00F56316 /* Project object */ = {
			isa = PBXProject;
			attributes = {
				LastUpgradeCheck = 0900;
				ORGANIZATIONNAME = autel;
				TargetAttributes = {
					7C408397200713DB00F56316 = {
						CreatedOnToolsVersion = 9.0;
						ProvisioningStyle = Automatic;
					};
				};
			};
			buildConfigurationList = 7C408393200713DB00F56316 /* Build configuration list for PBXProject "zjs_animation" */;
			compatibilityVersion = "Xcode 8.0";
			developmentRegion = en;
			hasScannedForEncodings = 0;
			knownRegions = (
				en,
				Base,
			);
			mainGroup = 7C40838F200713DB00F56316;
			productRefGroup = 7C408399200713DB00F56316 /* Products */;
			projectDirPath = "";
			projectRoot = "";
			targets = (
				7C408397200713DB00F56316 /* zjs_animation */,
			);
		};
/* End PBXProject section */

/* Begin PBXResourcesBuildPhase section */
		7C408396200713DB00F56316 /* Resources */ = {
			isa = PBXResourcesBuildPhase;
			buildActionMask = 2147483647;
			files = (
				7C4083A8200713DB00F56316 /* LaunchScreen.storyboard in Resources */,
				7C4083A5200713DB00F56316 /* Assets.xcassets in Resources */,
				7C4083A3200713DB00F56316 /* Main.storyboard in Resources */,
			);
			runOnlyForDeploymentPostprocessing = 0;
		};
/* End PBXResourcesBuildPhase section */

/* Begin PBXShellScriptBuildPhase section */
		186A7A09541496D6A71874CE /* [CP] Embed Pods Frameworks */ = {
			isa = PBXShellScriptBuildPhase;
			buildActionMask = 2147483647;
			files = (
			);
			inputPaths = (
			);
			name = "[CP] Embed Pods Frameworks";
			outputPaths = (
			);
			runOnlyForDeploymentPostprocessing = 0;
			shellPath = /bin/sh;
			shellScript = "\"${SRCROOT}/Pods/Target Support Files/Pods-zjs_animation/Pods-zjs_animation-frameworks.sh\"\n";
			showEnvVarsInLog = 0;
		};
		E650F2621668D410725DD260 /* [CP] Copy Pods Resources */ = {
			isa = PBXShellScriptBuildPhase;
			buildActionMask = 2147483647;
			files = (
			);
			inputPaths = (
			);
			name = "[CP] Copy Pods Resources";
			outputPaths = (
			);
			runOnlyForDeploymentPostprocessing = 0;
			shellPath = /bin/sh;
			shellScript = "\"${SRCROOT}/Pods/Target Support Files/Pods-zjs_animation/Pods-zjs_animation-resources.sh\"\n";
			showEnvVarsInLog = 0;
		};
		F0406C9EF02BEA44C73A4C0E /* [CP] Check Pods Manifest.lock */ = {
			isa = PBXShellScriptBuildPhase;
			buildActionMask = 2147483647;
			files = (
			);
			inputPaths = (
			);
			name = "[CP] Check Pods Manifest.lock";
			outputPaths = (
			);
			runOnlyForDeploymentPostprocessing = 0;
			shellPath = /bin/sh;
			shellScript = "diff \"${PODS_PODFILE_DIR_PATH}/Podfile.lock\" \"${PODS_ROOT}/Manifest.lock\" > /dev/null\nif [ $? != 0 ] ; then\n    # print error to STDERR\n    echo \"error: The sandbox is not in sync with the Podfile.lock. Run 'pod install' or update your CocoaPods installation.\" >&2\n    exit 1\nfi\n";
			showEnvVarsInLog = 0;
		};
/* End PBXShellScriptBuildPhase section */

/* Begin PBXSourcesBuildPhase section */
		7C408394200713DB00F56316 /* Sources */ = {
			isa = PBXSourcesBuildPhase;
			buildActionMask = 2147483647;
			files = (
				7C4083A0200713DB00F56316 /* BasicAnimationController.m in Sources */,
				7C4083AB200713DB00F56316 /* main.m in Sources */,
				7C4FAEB2213E28C1003C7AF8 /* SVViewController.m in Sources */,
				7C40839D200713DB00F56316 /* AppDelegate.m in Sources */,
				7C4083B92007384B00F56316 /* CoreAnimationController.m in Sources */,
			);
			runOnlyForDeploymentPostprocessing = 0;
		};
/* End PBXSourcesBuildPhase section */

/* Begin PBXVariantGroup section */
		7C4083A1200713DB00F56316 /* Main.storyboard */ = {
			isa = PBXVariantGroup;
			children = (
				7C4083A2200713DB00F56316 /* Base */,
			);
			name = Main.storyboard;
			sourceTree = "<group>";
		};
		7C4083A6200713DB00F56316 /* LaunchScreen.storyboard */ = {
			isa = PBXVariantGroup;
			children = (
				7C4083A7200713DB00F56316 /* Base */,
			);
			name = LaunchScreen.storyboard;
			sourceTree = "<group>";
		};
/* End PBXVariantGroup section */

/* Begin XCBuildConfiguration section */
		7C4083AC200713DB00F56316 /* Debug */ = {
			isa = XCBuildConfiguration;
			buildSettings = {
				ALWAYS_SEARCH_USER_PATHS = NO;
				CLANG_ANALYZER_NONNULL = YES;
				CLANG_ANALYZER_NUMBER_OBJECT_CONVERSION = YES_AGGRESSIVE;
				CLANG_CXX_LANGUAGE_STANDARD = "gnu++14";
				CLANG_CXX_LIBRARY = "libc++";
				CLANG_ENABLE_MODULES = YES;
				CLANG_ENABLE_OBJC_ARC = YES;
				CLANG_WARN_BLOCK_CAPTURE_AUTORELEASING = YES;
				CLANG_WARN_BOOL_CONVERSION = YES;
				CLANG_WARN_COMMA = YES;
				CLANG_WARN_CONSTANT_CONVERSION = YES;
				CLANG_WARN_DIRECT_OBJC_ISA_USAGE = YES_ERROR;
				CLANG_WARN_DOCUMENTATION_COMMENTS = YES;
				CLANG_WARN_EMPTY_BODY = YES;
				CLANG_WARN_ENUM_CONVERSION = YES;
				CLANG_WARN_INFINITE_RECURSION = YES;
				CLANG_WARN_INT_CONVERSION = YES;
				CLANG_WARN_NON_LITERAL_NULL_CONVERSION = YES;
				CLANG_WARN_OBJC_LITERAL_CONVERSION = YES;
				CLANG_WARN_OBJC_ROOT_CLASS = YES_ERROR;
				CLANG_WARN_RANGE_LOOP_ANALYSIS = YES;
				CLANG_WARN_STRICT_PROTOTYPES = YES;
				CLANG_WARN_SUSPICIOUS_MOVE = YES;
				CLANG_WARN_UNGUARDED_AVAILABILITY = YES_AGGRESSIVE;
				CLANG_WARN_UNREACHABLE_CODE = YES;
				CLANG_WARN__DUPLICATE_METHOD_MATCH = YES;
				CODE_SIGN_IDENTITY = "iPhone Developer";
				COPY_PHASE_STRIP = NO;
				DEBUG_INFORMATION_FORMAT = dwarf;
				ENABLE_STRICT_OBJC_MSGSEND = YES;
				ENABLE_TESTABILITY = YES;
				GCC_C_LANGUAGE_STANDARD = gnu11;
				GCC_DYNAMIC_NO_PIC = NO;
				GCC_NO_COMMON_BLOCKS = YES;
				GCC_OPTIMIZATION_LEVEL = 0;
				GCC_PREPROCESSOR_DEFINITIONS = (
					"DEBUG=1",
					"$(inherited)",
				);
				GCC_WARN_64_TO_32_BIT_CONVERSION = YES;
				GCC_WARN_ABOUT_RETURN_TYPE = YES_ERROR;
				GCC_WARN_UNDECLARED_SELECTOR = YES;
				GCC_WARN_UNINITIALIZED_AUTOS = YES_AGGRESSIVE;
				GCC_WARN_UNUSED_FUNCTION = YES;
				GCC_WARN_UNUSED_VARIABLE = YES;
				IPHONEOS_DEPLOYMENT_TARGET = 11.0;
				MTL_ENABLE_DEBUG_INFO = YES;
				ONLY_ACTIVE_ARCH = YES;
				SDKROOT = iphoneos;
			};
			name = Debug;
		};
		7C4083AD200713DB00F56316 /* Release */ = {
			isa = XCBuildConfiguration;
			buildSettings = {
				ALWAYS_SEARCH_USER_PATHS = NO;
				CLANG_ANALYZER_NONNULL = YES;
				CLANG_ANALYZER_NUMBER_OBJECT_CONVERSION = YES_AGGRESSIVE;
				CLANG_CXX_LANGUAGE_STANDARD = "gnu++14";
				CLANG_CXX_LIBRARY = "libc++";
				CLANG_ENABLE_MODULES = YES;
				CLANG_ENABLE_OBJC_ARC = YES;
				CLANG_WARN_BLOCK_CAPTURE_AUTORELEASING = YES;
				CLANG_WARN_BOOL_CONVERSION = YES;
				CLANG_WARN_COMMA = YES;
				CLANG_WARN_CONSTANT_CONVERSION = YES;
				CLANG_WARN_DIRECT_OBJC_ISA_USAGE = YES_ERROR;
				CLANG_WARN_DOCUMENTATION_COMMENTS = YES;
				CLANG_WARN_EMPTY_BODY = YES;
				CLANG_WARN_ENUM_CONVERSION = YES;
				CLANG_WARN_INFINITE_RECURSION = YES;
				CLANG_WARN_INT_CONVERSION = YES;
				CLANG_WARN_NON_LITERAL_NULL_CONVERSION = YES;
				CLANG_WARN_OBJC_LITERAL_CONVERSION = YES;
				CLANG_WARN_OBJC_ROOT_CLASS = YES_ERROR;
				CLANG_WARN_RANGE_LOOP_ANALYSIS = YES;
				CLANG_WARN_STRICT_PROTOTYPES = YES;
				CLANG_WARN_SUSPICIOUS_MOVE = YES;
				CLANG_WARN_UNGUARDED_AVAILABILITY = YES_AGGRESSIVE;
				CLANG_WARN_UNREACHABLE_CODE = YES;
				CLANG_WARN__DUPLICATE_METHOD_MATCH = YES;
				CODE_SIGN_IDENTITY = "iPhone Developer";
				COPY_PHASE_STRIP = NO;
				DEBUG_INFORMATION_FORMAT = "dwarf-with-dsym";
				ENABLE_NS_ASSERTIONS = NO;
				ENABLE_STRICT_OBJC_MSGSEND = YES;
				GCC_C_LANGUAGE_STANDARD = gnu11;
				GCC_NO_COMMON_BLOCKS = YES;
				GCC_WARN_64_TO_32_BIT_CONVERSION = YES;
				GCC_WARN_ABOUT_RETURN_TYPE = YES_ERROR;
				GCC_WARN_UNDECLARED_SELECTOR = YES;
				GCC_WARN_UNINITIALIZED_AUTOS = YES_AGGRESSIVE;
				GCC_WARN_UNUSED_FUNCTION = YES;
				GCC_WARN_UNUSED_VARIABLE = YES;
				IPHONEOS_DEPLOYMENT_TARGET = 11.0;
				MTL_ENABLE_DEBUG_INFO = NO;
				SDKROOT = iphoneos;
				VALIDATE_PRODUCT = YES;
			};
			name = Release;
		};
		7C4083AF200713DB00F56316 /* Debug */ = {
			isa = XCBuildConfiguration;
			baseConfigurationReference = 4E3D594CA1AEFE5F4CCA27AF /* Pods-zjs_animation.debug.xcconfig */;
			buildSettings = {
				ASSETCATALOG_COMPILER_APPICON_NAME = AppIcon;
				CODE_SIGN_STYLE = Automatic;
				DEVELOPMENT_TEAM = 5GYNH53HV7;
				INFOPLIST_FILE = animation/Info.plist;
				LD_RUNPATH_SEARCH_PATHS = "$(inherited) @executable_path/Frameworks";
				PRODUCT_BUNDLE_IDENTIFIER = com.autel.animation;
				PRODUCT_NAME = "$(TARGET_NAME)";
				TARGETED_DEVICE_FAMILY = "1,2";
			};
			name = Debug;
		};
		7C4083B0200713DB00F56316 /* Release */ = {
			isa = XCBuildConfiguration;
			baseConfigurationReference = CED21AB62D13DAA0C69A401D /* Pods-zjs_animation.release.xcconfig */;
			buildSettings = {
				ASSETCATALOG_COMPILER_APPICON_NAME = AppIcon;
				CODE_SIGN_STYLE = Automatic;
				DEVELOPMENT_TEAM = 5GYNH53HV7;
				INFOPLIST_FILE = animation/Info.plist;
				LD_RUNPATH_SEARCH_PATHS = "$(inherited) @executable_path/Frameworks";
				PRODUCT_BUNDLE_IDENTIFIER = com.autel.animation;
				PRODUCT_NAME = "$(TARGET_NAME)";
				TARGETED_DEVICE_FAMILY = "1,2";
			};
			name = Release;
		};
/* End XCBuildConfiguration section */

/* Begin XCConfigurationList section */
		7C408393200713DB00F56316 /* Build configuration list for PBXProject "zjs_animation" */ = {
			isa = XCConfigurationList;
			buildConfigurations = (
				7C4083AC200713DB00F56316 /* Debug */,
				7C4083AD200713DB00F56316 /* Release */,
			);
			defaultConfigurationIsVisible = 0;
			defaultConfigurationName = Release;
		};
		7C4083AE200713DB00F56316 /* Build configuration list for PBXNativeTarget "zjs_animation" */ = {
			isa = XCConfigurationList;
			buildConfigurations = (
				7C4083AF200713DB00F56316 /* Debug */,
				7C4083B0200713DB00F56316 /* Release */,
			);
			defaultConfigurationIsVisible = 0;
			defaultConfigurationName = Release;
		};
/* End XCConfigurationList section */
	};
	rootObject = 7C408390200713DB00F56316 /* Project object */;
}
