// !$*UTF8*$!
{
	archiveVersion = 1;
	classes = {
	};
	objectVersion = 48;
	objects = {

/* Begin PBXBuildFile section */
		7CB61DF320916E140006E9ED /* AppDelegate.m in Sources */ = {isa = PBXBuildFile; fileRef = 7CB61DF220916E140006E9ED /* AppDelegate.m */; };
		7CB61DF620916E140006E9ED /* ViewController.m in Sources */ = {isa = PBXBuildFile; fileRef = 7CB61DF520916E140006E9ED /* ViewController.m */; };
		7CB61DF920916E140006E9ED /* Main.storyboard in Resources */ = {isa = PBXBuildFile; fileRef = 7CB61DF720916E140006E9ED /* Main.storyboard */; };
		7CB61DFB20916E140006E9ED /* Assets.xcassets in Resources */ = {isa = PBXBuildFile; fileRef = 7CB61DFA20916E140006E9ED /* Assets.xcassets */; };
		7CB61DFE20916E140006E9ED /* LaunchScreen.storyboard in Resources */ = {isa = PBXBuildFile; fileRef = 7CB61DFC20916E140006E9ED /* LaunchScreen.storyboard */; };
		7CB61E0120916E140006E9ED /* main.m in Sources */ = {isa = PBXBuildFile; fileRef = 7CB61E0020916E140006E9ED /* main.m */; };
		7CB61E092091749A0006E9ED /* JSView.m in Sources */ = {isa = PBXBuildFile; fileRef = 7CB61E082091749A0006E9ED /* JSView.m */; };
/* End PBXBuildFile section */

/* Begin PBXFileReference section */
		7CB61DEE20916E140006E9ED /* JSView.app */ = {isa = PBXFileReference; explicitFileType = wrapper.application; includeInIndex = 0; path = JSView.app; sourceTree = BUILT_PRODUCTS_DIR; };
		7CB61DF120916E140006E9ED /* AppDelegate.h */ = {isa = PBXFileReference; lastKnownFileType = sourcecode.c.h; path = AppDelegate.h; sourceTree = "<group>"; };
		7CB61DF220916E140006E9ED /* AppDelegate.m */ = {isa = PBXFileReference; lastKnownFileType = sourcecode.c.objc; path = AppDelegate.m; sourceTree = "<group>"; };
		7CB61DF420916E140006E9ED /* ViewController.h */ = {isa = PBXFileReference; lastKnownFileType = sourcecode.c.h; path = ViewController.h; sourceTree = "<group>"; };
		7CB61DF520916E140006E9ED /* ViewController.m */ = {isa = PBXFileReference; lastKnownFileType = sourcecode.c.objc; path = ViewController.m; sourceTree = "<group>"; };
		7CB61DF820916E140006E9ED /* Base */ = {isa = PBXFileReference; lastKnownFileType = file.storyboard; name = Base; path = Base.lproj/Main.storyboard; sourceTree = "<group>"; };
		7CB61DFA20916E140006E9ED /* Assets.xcassets */ = {isa = PBXFileReference; lastKnownFileType = folder.assetcatalog; path = Assets.xcassets; sourceTree = "<group>"; };
		7CB61DFD20916E140006E9ED /* Base */ = {isa = PBXFileReference; lastKnownFileType = file.storyboard; name = Base; path = Base.lproj/LaunchScreen.storyboard; sourceTree = "<group>"; };
		7CB61DFF20916E140006E9ED /* Info.plist */ = {isa = PBXFileReference; lastKnownFileType = text.plist.xml; path = Info.plist; sourceTree = "<group>"; };
		7CB61E0020916E140006E9ED /* main.m */ = {isa = PBXFileReference; lastKnownFileType = sourcecode.c.objc; path = main.m; sourceTree = "<group>"; };
		7CB61E072091749A0006E9ED /* JSView.h */ = {isa = PBXFileReference; lastKnownFileType = sourcecode.c.h; path = JSView.h; sourceTree = "<group>"; };
		7CB61E082091749A0006E9ED /* JSView.m */ = {isa = PBXFileReference; lastKnownFileType = sourcecode.c.objc; path = JSView.m; sourceTree = "<group>"; };
/* End PBXFileReference section */

/* Begin PBXFrameworksBuildPhase section */
		7CB61DEB20916E140006E9ED /* Frameworks */ = {
			isa = PBXFrameworksBuildPhase;
			buildActionMask = 2147483647;
			files = (
			);
			runOnlyForDeploymentPostprocessing = 0;
		};
/* End PBXFrameworksBuildPhase section */

/* Begin PBXGroup section */
		7CB61DE520916E140006E9ED = {
			isa = PBXGroup;
			children = (
				7CB61DF020916E140006E9ED /* JSView */,
				7CB61DEF20916E140006E9ED /* Products */,
			);
			sourceTree = "<group>";
		};
		7CB61DEF20916E140006E9ED /* Products */ = {
			isa = PBXGroup;
			children = (
				7CB61DEE20916E140006E9ED /* JSView.app */,
			);
			name = Products;
			sourceTree = "<group>";
		};
		7CB61DF020916E140006E9ED /* JSView */ = {
			isa = PBXGroup;
			children = (
				7CB61DF120916E140006E9ED /* AppDelegate.h */,
				7CB61DF220916E140006E9ED /* AppDelegate.m */,
				7CB61DF420916E140006E9ED /* ViewController.h */,
				7CB61DF520916E140006E9ED /* ViewController.m */,
				7CB61E072091749A0006E9ED /* JSView.h */,
				7CB61E082091749A0006E9ED /* JSView.m */,
				7CB61DF720916E140006E9ED /* Main.storyboard */,
				7CB61DFA20916E140006E9ED /* Assets.xcassets */,
				7CB61DFC20916E140006E9ED /* LaunchScreen.storyboard */,
				7CB61DFF20916E140006E9ED /* Info.plist */,
				7CB61E0020916E140006E9ED /* main.m */,
			);
			path = JSView;
			sourceTree = "<group>";
		};
/* End PBXGroup section */

/* Begin PBXNativeTarget section */
		7CB61DED20916E140006E9ED /* JSView */ = {
			isa = PBXNativeTarget;
			buildConfigurationList = 7CB61E0420916E140006E9ED /* Build configuration list for PBXNativeTarget "JSView" */;
			buildPhases = (
				7CB61DEA20916E140006E9ED /* Sources */,
				7CB61DEB20916E140006E9ED /* Frameworks */,
				7CB61DEC20916E140006E9ED /* Resources */,
			);
			buildRules = (
			);
			dependencies = (
			);
			name = JSView;
			productName = JSView;
			productReference = 7CB61DEE20916E140006E9ED /* JSView.app */;
			productType = "com.apple.product-type.application";
		};
/* End PBXNativeTarget section */

/* Begin PBXProject section */
		7CB61DE620916E140006E9ED /* Project object */ = {
			isa = PBXProject;
			attributes = {
				LastUpgradeCheck = 0920;
				ORGANIZATIONNAME = autel;
				TargetAttributes = {
					7CB61DED20916E140006E9ED = {
						CreatedOnToolsVersion = 9.2;
						ProvisioningStyle = Automatic;
					};
				};
			};
			buildConfigurationList = 7CB61DE920916E140006E9ED /* Build configuration list for PBXProject "JSView" */;
			compatibilityVersion = "Xcode 8.0";
			developmentRegion = en;
			hasScannedForEncodings = 0;
			knownRegions = (
				en,
				Base,
			);
			mainGroup = 7CB61DE520916E140006E9ED;
			productRefGroup = 7CB61DEF20916E140006E9ED /* Products */;
			projectDirPath = "";
			projectRoot = "";
			targets = (
				7CB61DED20916E140006E9ED /* JSView */,
			);
		};
/* End PBXProject section */

/* Begin PBXResourcesBuildPhase section */
		7CB61DEC20916E140006E9ED /* Resources */ = {
			isa = PBXResourcesBuildPhase;
			buildActionMask = 2147483647;
			files = (
				7CB61DFE20916E140006E9ED /* LaunchScreen.storyboard in Resources */,
				7CB61DFB20916E140006E9ED /* Assets.xcassets in Resources */,
				7CB61DF920916E140006E9ED /* Main.storyboard in Resources */,
			);
			runOnlyForDeploymentPostprocessing = 0;
		};
/* End PBXResourcesBuildPhase section */

/* Begin PBXSourcesBuildPhase section */
		7CB61DEA20916E140006E9ED /* Sources */ = {
			isa = PBXSourcesBuildPhase;
			buildActionMask = 2147483647;
			files = (
				7CB61DF620916E140006E9ED /* ViewController.m in Sources */,
				7CB61E0120916E140006E9ED /* main.m in Sources */,
				7CB61DF320916E140006E9ED /* AppDelegate.m in Sources */,
				7CB61E092091749A0006E9ED /* JSView.m in Sources */,
			);
			runOnlyForDeploymentPostprocessing = 0;
		};
/* End PBXSourcesBuildPhase section */

/* Begin PBXVariantGroup section */
		7CB61DF720916E140006E9ED /* Main.storyboard */ = {
			isa = PBXVariantGroup;
			children = (
				7CB61DF820916E140006E9ED /* Base */,
			);
			name = Main.storyboard;
			sourceTree = "<group>";
		};
		7CB61DFC20916E140006E9ED /* LaunchScreen.storyboard */ = {
			isa = PBXVariantGroup;
			children = (
				7CB61DFD20916E140006E9ED /* Base */,
			);
			name = LaunchScreen.storyboard;
			sourceTree = "<group>";
		};
/* End PBXVariantGroup section */

/* Begin XCBuildConfiguration section */
		7CB61E0220916E140006E9ED /* Debug */ = {
			isa = XCBuildConfiguration;
			buildSettings = {
				ALWAYS_SEARCH_USER_PATHS = NO;
				CLANG_ANALYZER_NONNULL = YES;
				CLANG_ANALYZER_NUMBER_OBJECT_CONVERSION = YES_AGGRESSIVE;
				CLANG_CXX_LANGUAGE_STANDARD = "gnu++14";
				CLANG_CXX_LIBRARY = "libc++";
				CLANG_ENABLE_MODULES = YES;
				CLANG_ENABLE_OBJC_ARC = YES;
				CLANG_WARN_BLOCK_CAPTURE_AUTORELEASING = YES;
				CLANG_WARN_BOOL_CONVERSION = YES;
				CLANG_WARN_COMMA = YES;
				CLANG_WARN_CONSTANT_CONVERSION = YES;
				CLANG_WARN_DIRECT_OBJC_ISA_USAGE = YES_ERROR;
				CLANG_WARN_DOCUMENTATION_COMMENTS = YES;
				CLANG_WARN_EMPTY_BODY = YES;
				CLANG_WARN_ENUM_CONVERSION = YES;
				CLANG_WARN_INFINITE_RECURSION = YES;
				CLANG_WARN_INT_CONVERSION = YES;
				CLANG_WARN_NON_LITERAL_NULL_CONVERSION = YES;
				CLANG_WARN_OBJC_LITERAL_CONVERSION = YES;
				CLANG_WARN_OBJC_ROOT_CLASS = YES_ERROR;
				CLANG_WARN_RANGE_LOOP_ANALYSIS = YES;
				CLANG_WARN_STRICT_PROTOTYPES = YES;
				CLANG_WARN_SUSPICIOUS_MOVE = YES;
				CLANG_WARN_UNGUARDED_AVAILABILITY = YES_AGGRESSIVE;
				CLANG_WARN_UNREACHABLE_CODE = YES;
				CLANG_WARN__DUPLICATE_METHOD_MATCH = YES;
				CODE_SIGN_IDENTITY = "iPhone Developer";
				COPY_PHASE_STRIP = NO;
				DEBUG_INFORMATION_FORMAT = dwarf;
				ENABLE_STRICT_OBJC_MSGSEND = YES;
				ENABLE_TESTABILITY = YES;
				GCC_C_LANGUAGE_STANDARD = gnu11;
				GCC_DYNAMIC_NO_PIC = NO;
				GCC_NO_COMMON_BLOCKS = YES;
				GCC_OPTIMIZATION_LEVEL = 0;
				GCC_PREPROCESSOR_DEFINITIONS = (
					"DEBUG=1",
					"$(inherited)",
				);
				GCC_WARN_64_TO_32_BIT_CONVERSION = YES;
				GCC_WARN_ABOUT_RETURN_TYPE = YES_ERROR;
				GCC_WARN_UNDECLARED_SELECTOR = YES;
				GCC_WARN_UNINITIALIZED_AUTOS = YES_AGGRESSIVE;
				GCC_WARN_UNUSED_FUNCTION = YES;
				GCC_WARN_UNUSED_VARIABLE = YES;
				IPHONEOS_DEPLOYMENT_TARGET = 11.2;
				MTL_ENABLE_DEBUG_INFO = YES;
				ONLY_ACTIVE_ARCH = YES;
				SDKROOT = iphoneos;
			};
			name = Debug;
		};
		7CB61E0320916E140006E9ED /* Release */ = {
			isa = XCBuildConfiguration;
			buildSettings = {
				ALWAYS_SEARCH_USER_PATHS = NO;
				CLANG_ANALYZER_NONNULL = YES;
				CLANG_ANALYZER_NUMBER_OBJECT_CONVERSION = YES_AGGRESSIVE;
				CLANG_CXX_LANGUAGE_STANDARD = "gnu++14";
				CLANG_CXX_LIBRARY = "libc++";
				CLANG_ENABLE_MODULES = YES;
				CLANG_ENABLE_OBJC_ARC = YES;
				CLANG_WARN_BLOCK_CAPTURE_AUTORELEASING = YES;
				CLANG_WARN_BOOL_CONVERSION = YES;
				CLANG_WARN_COMMA = YES;
				CLANG_WARN_CONSTANT_CONVERSION = YES;
				CLANG_WARN_DIRECT_OBJC_ISA_USAGE = YES_ERROR;
				CLANG_WARN_DOCUMENTATION_COMMENTS = YES;
				CLANG_WARN_EMPTY_BODY = YES;
				CLANG_WARN_ENUM_CONVERSION = YES;
				CLANG_WARN_INFINITE_RECURSION = YES;
				CLANG_WARN_INT_CONVERSION = YES;
				CLANG_WARN_NON_LITERAL_NULL_CONVERSION = YES;
				CLANG_WARN_OBJC_LITERAL_CONVERSION = YES;
				CLANG_WARN_OBJC_ROOT_CLASS = YES_ERROR;
				CLANG_WARN_RANGE_LOOP_ANALYSIS = YES;
				CLANG_WARN_STRICT_PROTOTYPES = YES;
				CLANG_WARN_SUSPICIOUS_MOVE = YES;
				CLANG_WARN_UNGUARDED_AVAILABILITY = YES_AGGRESSIVE;
				CLANG_WARN_UNREACHABLE_CODE = YES;
				CLANG_WARN__DUPLICATE_METHOD_MATCH = YES;
				CODE_SIGN_IDENTITY = "iPhone Developer";
				COPY_PHASE_STRIP = NO;
				DEBUG_INFORMATION_FORMAT = "dwarf-with-dsym";
				ENABLE_NS_ASSERTIONS = NO;
				ENABLE_STRICT_OBJC_MSGSEND = YES;
				GCC_C_LANGUAGE_STANDARD = gnu11;
				GCC_NO_COMMON_BLOCKS = YES;
				GCC_WARN_64_TO_32_BIT_CONVERSION = YES;
				GCC_WARN_ABOUT_RETURN_TYPE = YES_ERROR;
				GCC_WARN_UNDECLARED_SELECTOR = YES;
				GCC_WARN_UNINITIALIZED_AUTOS = YES_AGGRESSIVE;
				GCC_WARN_UNUSED_FUNCTION = YES;
				GCC_WARN_UNUSED_VARIABLE = YES;
				IPHONEOS_DEPLOYMENT_TARGET = 11.2;
				MTL_ENABLE_DEBUG_INFO = NO;
				SDKROOT = iphoneos;
				VALIDATE_PRODUCT = YES;
			};
			name = Release;
		};
		7CB61E0520916E140006E9ED /* Debug */ = {
			isa = XCBuildConfiguration;
			buildSettings = {
				ASSETCATALOG_COMPILER_APPICON_NAME = AppIcon;
				CODE_SIGN_STYLE = Automatic;
				DEVELOPMENT_TEAM = MEXQ8HADL9;
				INFOPLIST_FILE = JSView/Info.plist;
				LD_RUNPATH_SEARCH_PATHS = "$(inherited) @executable_path/Frameworks";
				PRODUCT_BUNDLE_IDENTIFIER = com.autel.JSView;
				PRODUCT_NAME = "$(TARGET_NAME)";
				TARGETED_DEVICE_FAMILY = "1,2";
			};
			name = Debug;
		};
		7CB61E0620916E140006E9ED /* Release */ = {
			isa = XCBuildConfiguration;
			buildSettings = {
				ASSETCATALOG_COMPILER_APPICON_NAME = AppIcon;
				CODE_SIGN_STYLE = Automatic;
				DEVELOPMENT_TEAM = MEXQ8HADL9;
				INFOPLIST_FILE = JSView/Info.plist;
				LD_RUNPATH_SEARCH_PATHS = "$(inherited) @executable_path/Frameworks";
				PRODUCT_BUNDLE_IDENTIFIER = com.autel.JSView;
				PRODUCT_NAME = "$(TARGET_NAME)";
				TARGETED_DEVICE_FAMILY = "1,2";
			};
			name = Release;
		};
/* End XCBuildConfiguration section */

/* Begin XCConfigurationList section */
		7CB61DE920916E140006E9ED /* Build configuration list for PBXProject "JSView" */ = {
			isa = XCConfigurationList;
			buildConfigurations = (
				7CB61E0220916E140006E9ED /* Debug */,
				7CB61E0320916E140006E9ED /* Release */,
			);
			defaultConfigurationIsVisible = 0;
			defaultConfigurationName = Release;
		};
		7CB61E0420916E140006E9ED /* Build configuration list for PBXNativeTarget "JSView" */ = {
			isa = XCConfigurationList;
			buildConfigurations = (
				7CB61E0520916E140006E9ED /* Debug */,
				7CB61E0620916E140006E9ED /* Release */,
			);
			defaultConfigurationIsVisible = 0;
			defaultConfigurationName = Release;
		};
/* End XCConfigurationList section */
	};
	rootObject = 7CB61DE620916E140006E9ED /* Project object */;
}
